
Microsoft Visual Studio Solution File, Format Version 12.00
# Visual Studio 14
VisualStudioVersion = 14.0.24720.0
MinimumVisualStudioVersion = 10.0.40219.1
Project("{FAE04EC0-301F-11D3-BF4B-00C04F79EFBC}") = "EndlessCatsApi", "server\EndlessCatsApi\EndlessCatsApi.csproj", "{4389B305-B381-4B50-B1A8-BBB5259A0524}"
EndProject
Project("{FAE04EC0-301F-11D3-BF4B-00C04F79EFBC}") = "EndlessCatsApi.ServiceModel", "server\EndlessCatsApi.ServiceModel\EndlessCatsApi.ServiceModel.csproj", "{53E82AC1-DD1D-4C66-B55F-F9F4ACFB2F40}"
EndProject
Project("{FAE04EC0-301F-11D3-BF4B-00C04F79EFBC}") = "EndlessCatsApi.ServiceInterface", "server\EndlessCatsApi.ServiceInterface\EndlessCatsApi.ServiceInterface.csproj", "{801A0F89-D5F6-49A6-BCEA-6624388C98A4}"
EndProject
Project("{FAE04EC0-301F-11D3-BF4B-00C04F79EFBC}") = "EndlessCatsApi.Tests", "server\EndlessCatsApi.Tests\EndlessCatsApi.Tests.csproj", "{D22B5797-9F2A-4BA7-9636-6EFCE62EBE00}"
EndProject
Project("{2150E333-8FDC-42A3-9474-1A3956D46DE8}") = "server", "server", "{69CF93A8-B893-4F73-B369-6259037A2658}"
EndProject
Project("{2150E333-8FDC-42A3-9474-1A3956D46DE8}") = "client", "client", "{B4CF7302-E5E7-41FE-8165-D568004BDECB}"
EndProject
Project("{FAE04EC0-301F-11D3-BF4B-00C04F79EFBC}") = "UnitTests", "client\UnitTests\UnitTests.csproj", "{3E0EB20C-6E92-493B-B819-5E1D7AF38B62}"
EndProject
Project("{FAE04EC0-301F-11D3-BF4B-00C04F79EFBC}") = "UnitTests.Utility", "client\UnitTests.Utility\UnitTests.Utility.csproj", "{331F1773-97E8-44B3-A5B5-AF8106786CDC}"
EndProject
Project("{FAE04EC0-301F-11D3-BF4B-00C04F79EFBC}") = "TestHarness.iOS", "client\TestHarness.iOS\TestHarness.iOS.csproj", "{0B8CDC8E-E483-41A6-AD3E-B717B86B2370}"
EndProject
Project("{FAE04EC0-301F-11D3-BF4B-00C04F79EFBC}") = "Services", "client\Services\Services.csproj", "{DED63876-F452-4D91-B8AF-F42990A84F62}"
EndProject
Project("{FAE04EC0-301F-11D3-BF4B-00C04F79EFBC}") = "Services.Connected", "client\Services.Connected\Services.Connected.csproj", "{80C13B76-24CB-436D-9535-0D09B25438BB}"
EndProject
Project("{FAE04EC0-301F-11D3-BF4B-00C04F79EFBC}") = "Services.Disconnected", "client\Services.Disconnected\Services.Disconnected.csproj", "{BE69573B-271A-474D-AE56-114E413D992D}"
EndProject
Project("{FAE04EC0-301F-11D3-BF4B-00C04F79EFBC}") = "Services.iOS", "client\Services.iOS\Services.iOS.csproj", "{FCC7FB06-E768-4B0E-92A9-5BD18FB5AD86}"
EndProject
Project("{FAE04EC0-301F-11D3-BF4B-00C04F79EFBC}") = "Services.Droid", "client\Services.Droid\Services.Droid.csproj", "{51B1A975-E1AC-4B73-AE0F-BDC6E39675E4}"
EndProject
Project("{FAE04EC0-301F-11D3-BF4B-00C04F79EFBC}") = "TestHarness.Droid", "client\TestHarness.Droid\TestHarness.Droid.csproj", "{297BB15F-1C23-4968-ABAC-9E0ED33548A0}"
EndProject
Project("{FAE04EC0-301F-11D3-BF4B-00C04F79EFBC}") = "Utility", "client\Utility\Utility.csproj", "{F47BFC53-3BB4-4317-8E7B-B5FE9459213C}"
EndProject
Project("{FAE04EC0-301F-11D3-BF4B-00C04F79EFBC}") = "ViewModels", "client\ViewModels\ViewModels.csproj", "{428115CF-9929-4328-B680-445C52244095}"
EndProject
Project("{FAE04EC0-301F-11D3-BF4B-00C04F79EFBC}") = "UnitTests.Droid", "client\UnitTests.Droid\UnitTests.Droid.csproj", "{71B7F3F5-D681-4446-8F6F-78D95BC9362F}"
EndProject
Project("{FAE04EC0-301F-11D3-BF4B-00C04F79EFBC}") = "UnitTests.iOS", "client\UnitTests.iOS\UnitTests.iOS.csproj", "{8EC2E6CD-9AC2-40AB-B3D0-51C868865109}"
EndProject
Global
	GlobalSection(SolutionConfigurationPlatforms) = preSolution
		Ad-Hoc|Any CPU = Ad-Hoc|Any CPU
		Ad-Hoc|iPhone = Ad-Hoc|iPhone
		Ad-Hoc|iPhoneSimulator = Ad-Hoc|iPhoneSimulator
		AppStore|Any CPU = AppStore|Any CPU
		AppStore|iPhone = AppStore|iPhone
		AppStore|iPhoneSimulator = AppStore|iPhoneSimulator
		Debug|Any CPU = Debug|Any CPU
		Debug|iPhone = Debug|iPhone
		Debug|iPhoneSimulator = Debug|iPhoneSimulator
		Release|Any CPU = Release|Any CPU
		Release|iPhone = Release|iPhone
		Release|iPhoneSimulator = Release|iPhoneSimulator
	EndGlobalSection
	GlobalSection(ProjectConfigurationPlatforms) = postSolution
		{4389B305-B381-4B50-B1A8-BBB5259A0524}.Ad-Hoc|Any CPU.ActiveCfg = Release|Any CPU
		{4389B305-B381-4B50-B1A8-BBB5259A0524}.Ad-Hoc|Any CPU.Build.0 = Release|Any CPU
		{4389B305-B381-4B50-B1A8-BBB5259A0524}.Ad-Hoc|iPhone.ActiveCfg = Release|Any CPU
		{4389B305-B381-4B50-B1A8-BBB5259A0524}.Ad-Hoc|iPhone.Build.0 = Release|Any CPU
		{4389B305-B381-4B50-B1A8-BBB5259A0524}.Ad-Hoc|iPhoneSimulator.ActiveCfg = Release|Any CPU
		{4389B305-B381-4B50-B1A8-BBB5259A0524}.Ad-Hoc|iPhoneSimulator.Build.0 = Release|Any CPU
		{4389B305-B381-4B50-B1A8-BBB5259A0524}.AppStore|Any CPU.ActiveCfg = Release|Any CPU
		{4389B305-B381-4B50-B1A8-BBB5259A0524}.AppStore|Any CPU.Build.0 = Release|Any CPU
		{4389B305-B381-4B50-B1A8-BBB5259A0524}.AppStore|iPhone.ActiveCfg = Release|Any CPU
		{4389B305-B381-4B50-B1A8-BBB5259A0524}.AppStore|iPhone.Build.0 = Release|Any CPU
		{4389B305-B381-4B50-B1A8-BBB5259A0524}.AppStore|iPhoneSimulator.ActiveCfg = Release|Any CPU
		{4389B305-B381-4B50-B1A8-BBB5259A0524}.AppStore|iPhoneSimulator.Build.0 = Release|Any CPU
		{4389B305-B381-4B50-B1A8-BBB5259A0524}.Debug|Any CPU.ActiveCfg = Debug|Any CPU
		{4389B305-B381-4B50-B1A8-BBB5259A0524}.Debug|Any CPU.Build.0 = Debug|Any CPU
		{4389B305-B381-4B50-B1A8-BBB5259A0524}.Debug|iPhone.ActiveCfg = Debug|Any CPU
		{4389B305-B381-4B50-B1A8-BBB5259A0524}.Debug|iPhone.Build.0 = Debug|Any CPU
		{4389B305-B381-4B50-B1A8-BBB5259A0524}.Debug|iPhoneSimulator.ActiveCfg = Debug|Any CPU
		{4389B305-B381-4B50-B1A8-BBB5259A0524}.Debug|iPhoneSimulator.Build.0 = Debug|Any CPU
		{4389B305-B381-4B50-B1A8-BBB5259A0524}.Release|Any CPU.ActiveCfg = Release|Any CPU
		{4389B305-B381-4B50-B1A8-BBB5259A0524}.Release|Any CPU.Build.0 = Release|Any CPU
		{4389B305-B381-4B50-B1A8-BBB5259A0524}.Release|iPhone.ActiveCfg = Release|Any CPU
		{4389B305-B381-4B50-B1A8-BBB5259A0524}.Release|iPhone.Build.0 = Release|Any CPU
		{4389B305-B381-4B50-B1A8-BBB5259A0524}.Release|iPhoneSimulator.ActiveCfg = Release|Any CPU
		{4389B305-B381-4B50-B1A8-BBB5259A0524}.Release|iPhoneSimulator.Build.0 = Release|Any CPU
		{53E82AC1-DD1D-4C66-B55F-F9F4ACFB2F40}.Ad-Hoc|Any CPU.ActiveCfg = Release|Any CPU
		{53E82AC1-DD1D-4C66-B55F-F9F4ACFB2F40}.Ad-Hoc|Any CPU.Build.0 = Release|Any CPU
		{53E82AC1-DD1D-4C66-B55F-F9F4ACFB2F40}.Ad-Hoc|iPhone.ActiveCfg = Release|Any CPU
		{53E82AC1-DD1D-4C66-B55F-F9F4ACFB2F40}.Ad-Hoc|iPhone.Build.0 = Release|Any CPU
		{53E82AC1-DD1D-4C66-B55F-F9F4ACFB2F40}.Ad-Hoc|iPhoneSimulator.ActiveCfg = Release|Any CPU
		{53E82AC1-DD1D-4C66-B55F-F9F4ACFB2F40}.Ad-Hoc|iPhoneSimulator.Build.0 = Release|Any CPU
		{53E82AC1-DD1D-4C66-B55F-F9F4ACFB2F40}.AppStore|Any CPU.ActiveCfg = Release|Any CPU
		{53E82AC1-DD1D-4C66-B55F-F9F4ACFB2F40}.AppStore|Any CPU.Build.0 = Release|Any CPU
		{53E82AC1-DD1D-4C66-B55F-F9F4ACFB2F40}.AppStore|iPhone.ActiveCfg = Release|Any CPU
		{53E82AC1-DD1D-4C66-B55F-F9F4ACFB2F40}.AppStore|iPhone.Build.0 = Release|Any CPU
		{53E82AC1-DD1D-4C66-B55F-F9F4ACFB2F40}.AppStore|iPhoneSimulator.ActiveCfg = Release|Any CPU
		{53E82AC1-DD1D-4C66-B55F-F9F4ACFB2F40}.AppStore|iPhoneSimulator.Build.0 = Release|Any CPU
		{53E82AC1-DD1D-4C66-B55F-F9F4ACFB2F40}.Debug|Any CPU.ActiveCfg = Debug|Any CPU
		{53E82AC1-DD1D-4C66-B55F-F9F4ACFB2F40}.Debug|Any CPU.Build.0 = Debug|Any CPU
		{53E82AC1-DD1D-4C66-B55F-F9F4ACFB2F40}.Debug|iPhone.ActiveCfg = Debug|Any CPU
		{53E82AC1-DD1D-4C66-B55F-F9F4ACFB2F40}.Debug|iPhone.Build.0 = Debug|Any CPU
		{53E82AC1-DD1D-4C66-B55F-F9F4ACFB2F40}.Debug|iPhoneSimulator.ActiveCfg = Debug|Any CPU
		{53E82AC1-DD1D-4C66-B55F-F9F4ACFB2F40}.Debug|iPhoneSimulator.Build.0 = Debug|Any CPU
		{53E82AC1-DD1D-4C66-B55F-F9F4ACFB2F40}.Release|Any CPU.ActiveCfg = Release|Any CPU
		{53E82AC1-DD1D-4C66-B55F-F9F4ACFB2F40}.Release|Any CPU.Build.0 = Release|Any CPU
		{53E82AC1-DD1D-4C66-B55F-F9F4ACFB2F40}.Release|iPhone.ActiveCfg = Release|Any CPU
		{53E82AC1-DD1D-4C66-B55F-F9F4ACFB2F40}.Release|iPhone.Build.0 = Release|Any CPU
		{53E82AC1-DD1D-4C66-B55F-F9F4ACFB2F40}.Release|iPhoneSimulator.ActiveCfg = Release|Any CPU
		{53E82AC1-DD1D-4C66-B55F-F9F4ACFB2F40}.Release|iPhoneSimulator.Build.0 = Release|Any CPU
		{801A0F89-D5F6-49A6-BCEA-6624388C98A4}.Ad-Hoc|Any CPU.ActiveCfg = Release|Any CPU
		{801A0F89-D5F6-49A6-BCEA-6624388C98A4}.Ad-Hoc|Any CPU.Build.0 = Release|Any CPU
		{801A0F89-D5F6-49A6-BCEA-6624388C98A4}.Ad-Hoc|iPhone.ActiveCfg = Release|Any CPU
		{801A0F89-D5F6-49A6-BCEA-6624388C98A4}.Ad-Hoc|iPhone.Build.0 = Release|Any CPU
		{801A0F89-D5F6-49A6-BCEA-6624388C98A4}.Ad-Hoc|iPhoneSimulator.ActiveCfg = Release|Any CPU
		{801A0F89-D5F6-49A6-BCEA-6624388C98A4}.Ad-Hoc|iPhoneSimulator.Build.0 = Release|Any CPU
		{801A0F89-D5F6-49A6-BCEA-6624388C98A4}.AppStore|Any CPU.ActiveCfg = Release|Any CPU
		{801A0F89-D5F6-49A6-BCEA-6624388C98A4}.AppStore|Any CPU.Build.0 = Release|Any CPU
		{801A0F89-D5F6-49A6-BCEA-6624388C98A4}.AppStore|iPhone.ActiveCfg = Release|Any CPU
		{801A0F89-D5F6-49A6-BCEA-6624388C98A4}.AppStore|iPhone.Build.0 = Release|Any CPU
		{801A0F89-D5F6-49A6-BCEA-6624388C98A4}.AppStore|iPhoneSimulator.ActiveCfg = Release|Any CPU
		{801A0F89-D5F6-49A6-BCEA-6624388C98A4}.AppStore|iPhoneSimulator.Build.0 = Release|Any CPU
		{801A0F89-D5F6-49A6-BCEA-6624388C98A4}.Debug|Any CPU.ActiveCfg = Debug|Any CPU
		{801A0F89-D5F6-49A6-BCEA-6624388C98A4}.Debug|Any CPU.Build.0 = Debug|Any CPU
		{801A0F89-D5F6-49A6-BCEA-6624388C98A4}.Debug|iPhone.ActiveCfg = Debug|Any CPU
		{801A0F89-D5F6-49A6-BCEA-6624388C98A4}.Debug|iPhone.Build.0 = Debug|Any CPU
		{801A0F89-D5F6-49A6-BCEA-6624388C98A4}.Debug|iPhoneSimulator.ActiveCfg = Debug|Any CPU
		{801A0F89-D5F6-49A6-BCEA-6624388C98A4}.Debug|iPhoneSimulator.Build.0 = Debug|Any CPU
		{801A0F89-D5F6-49A6-BCEA-6624388C98A4}.Release|Any CPU.ActiveCfg = Release|Any CPU
		{801A0F89-D5F6-49A6-BCEA-6624388C98A4}.Release|Any CPU.Build.0 = Release|Any CPU
		{801A0F89-D5F6-49A6-BCEA-6624388C98A4}.Release|iPhone.ActiveCfg = Release|Any CPU
		{801A0F89-D5F6-49A6-BCEA-6624388C98A4}.Release|iPhone.Build.0 = Release|Any CPU
		{801A0F89-D5F6-49A6-BCEA-6624388C98A4}.Release|iPhoneSimulator.ActiveCfg = Release|Any CPU
		{801A0F89-D5F6-49A6-BCEA-6624388C98A4}.Release|iPhoneSimulator.Build.0 = Release|Any CPU
		{D22B5797-9F2A-4BA7-9636-6EFCE62EBE00}.Ad-Hoc|Any CPU.ActiveCfg = Release|Any CPU
		{D22B5797-9F2A-4BA7-9636-6EFCE62EBE00}.Ad-Hoc|Any CPU.Build.0 = Release|Any CPU
		{D22B5797-9F2A-4BA7-9636-6EFCE62EBE00}.Ad-Hoc|iPhone.ActiveCfg = Release|Any CPU
		{D22B5797-9F2A-4BA7-9636-6EFCE62EBE00}.Ad-Hoc|iPhone.Build.0 = Release|Any CPU
		{D22B5797-9F2A-4BA7-9636-6EFCE62EBE00}.Ad-Hoc|iPhoneSimulator.ActiveCfg = Release|Any CPU
		{D22B5797-9F2A-4BA7-9636-6EFCE62EBE00}.Ad-Hoc|iPhoneSimulator.Build.0 = Release|Any CPU
		{D22B5797-9F2A-4BA7-9636-6EFCE62EBE00}.AppStore|Any CPU.ActiveCfg = Release|Any CPU
		{D22B5797-9F2A-4BA7-9636-6EFCE62EBE00}.AppStore|Any CPU.Build.0 = Release|Any CPU
		{D22B5797-9F2A-4BA7-9636-6EFCE62EBE00}.AppStore|iPhone.ActiveCfg = Release|Any CPU
		{D22B5797-9F2A-4BA7-9636-6EFCE62EBE00}.AppStore|iPhone.Build.0 = Release|Any CPU
		{D22B5797-9F2A-4BA7-9636-6EFCE62EBE00}.AppStore|iPhoneSimulator.ActiveCfg = Release|Any CPU
		{D22B5797-9F2A-4BA7-9636-6EFCE62EBE00}.AppStore|iPhoneSimulator.Build.0 = Release|Any CPU
		{D22B5797-9F2A-4BA7-9636-6EFCE62EBE00}.Debug|Any CPU.ActiveCfg = Debug|Any CPU
		{D22B5797-9F2A-4BA7-9636-6EFCE62EBE00}.Debug|Any CPU.Build.0 = Debug|Any CPU
		{D22B5797-9F2A-4BA7-9636-6EFCE62EBE00}.Debug|iPhone.ActiveCfg = Debug|Any CPU
		{D22B5797-9F2A-4BA7-9636-6EFCE62EBE00}.Debug|iPhone.Build.0 = Debug|Any CPU
		{D22B5797-9F2A-4BA7-9636-6EFCE62EBE00}.Debug|iPhoneSimulator.ActiveCfg = Debug|Any CPU
		{D22B5797-9F2A-4BA7-9636-6EFCE62EBE00}.Debug|iPhoneSimulator.Build.0 = Debug|Any CPU
		{D22B5797-9F2A-4BA7-9636-6EFCE62EBE00}.Release|Any CPU.ActiveCfg = Release|Any CPU
		{D22B5797-9F2A-4BA7-9636-6EFCE62EBE00}.Release|Any CPU.Build.0 = Release|Any CPU
		{D22B5797-9F2A-4BA7-9636-6EFCE62EBE00}.Release|iPhone.ActiveCfg = Release|Any CPU
		{D22B5797-9F2A-4BA7-9636-6EFCE62EBE00}.Release|iPhone.Build.0 = Release|Any CPU
		{D22B5797-9F2A-4BA7-9636-6EFCE62EBE00}.Release|iPhoneSimulator.ActiveCfg = Release|Any CPU
		{D22B5797-9F2A-4BA7-9636-6EFCE62EBE00}.Release|iPhoneSimulator.Build.0 = Release|Any CPU
		{3E0EB20C-6E92-493B-B819-5E1D7AF38B62}.Ad-Hoc|Any CPU.ActiveCfg = Release|Any CPU
		{3E0EB20C-6E92-493B-B819-5E1D7AF38B62}.Ad-Hoc|Any CPU.Build.0 = Release|Any CPU
		{3E0EB20C-6E92-493B-B819-5E1D7AF38B62}.Ad-Hoc|iPhone.ActiveCfg = Release|Any CPU
		{3E0EB20C-6E92-493B-B819-5E1D7AF38B62}.Ad-Hoc|iPhone.Build.0 = Release|Any CPU
		{3E0EB20C-6E92-493B-B819-5E1D7AF38B62}.Ad-Hoc|iPhoneSimulator.ActiveCfg = Release|Any CPU
		{3E0EB20C-6E92-493B-B819-5E1D7AF38B62}.Ad-Hoc|iPhoneSimulator.Build.0 = Release|Any CPU
		{3E0EB20C-6E92-493B-B819-5E1D7AF38B62}.AppStore|Any CPU.ActiveCfg = Release|Any CPU
		{3E0EB20C-6E92-493B-B819-5E1D7AF38B62}.AppStore|Any CPU.Build.0 = Release|Any CPU
		{3E0EB20C-6E92-493B-B819-5E1D7AF38B62}.AppStore|iPhone.ActiveCfg = Release|Any CPU
		{3E0EB20C-6E92-493B-B819-5E1D7AF38B62}.AppStore|iPhone.Build.0 = Release|Any CPU
		{3E0EB20C-6E92-493B-B819-5E1D7AF38B62}.AppStore|iPhoneSimulator.ActiveCfg = Release|Any CPU
		{3E0EB20C-6E92-493B-B819-5E1D7AF38B62}.AppStore|iPhoneSimulator.Build.0 = Release|Any CPU
		{3E0EB20C-6E92-493B-B819-5E1D7AF38B62}.Debug|Any CPU.ActiveCfg = Debug|Any CPU
		{3E0EB20C-6E92-493B-B819-5E1D7AF38B62}.Debug|Any CPU.Build.0 = Debug|Any CPU
		{3E0EB20C-6E92-493B-B819-5E1D7AF38B62}.Debug|iPhone.ActiveCfg = Debug|Any CPU
		{3E0EB20C-6E92-493B-B819-5E1D7AF38B62}.Debug|iPhone.Build.0 = Debug|Any CPU
		{3E0EB20C-6E92-493B-B819-5E1D7AF38B62}.Debug|iPhoneSimulator.ActiveCfg = Debug|Any CPU
		{3E0EB20C-6E92-493B-B819-5E1D7AF38B62}.Debug|iPhoneSimulator.Build.0 = Debug|Any CPU
		{3E0EB20C-6E92-493B-B819-5E1D7AF38B62}.Release|Any CPU.ActiveCfg = Release|Any CPU
		{3E0EB20C-6E92-493B-B819-5E1D7AF38B62}.Release|Any CPU.Build.0 = Release|Any CPU
		{3E0EB20C-6E92-493B-B819-5E1D7AF38B62}.Release|iPhone.ActiveCfg = Release|Any CPU
		{3E0EB20C-6E92-493B-B819-5E1D7AF38B62}.Release|iPhone.Build.0 = Release|Any CPU
		{3E0EB20C-6E92-493B-B819-5E1D7AF38B62}.Release|iPhoneSimulator.ActiveCfg = Release|Any CPU
		{3E0EB20C-6E92-493B-B819-5E1D7AF38B62}.Release|iPhoneSimulator.Build.0 = Release|Any CPU
		{331F1773-97E8-44B3-A5B5-AF8106786CDC}.Ad-Hoc|Any CPU.ActiveCfg = Release|Any CPU
		{331F1773-97E8-44B3-A5B5-AF8106786CDC}.Ad-Hoc|Any CPU.Build.0 = Release|Any CPU
		{331F1773-97E8-44B3-A5B5-AF8106786CDC}.Ad-Hoc|iPhone.ActiveCfg = Release|Any CPU
		{331F1773-97E8-44B3-A5B5-AF8106786CDC}.Ad-Hoc|iPhone.Build.0 = Release|Any CPU
		{331F1773-97E8-44B3-A5B5-AF8106786CDC}.Ad-Hoc|iPhoneSimulator.ActiveCfg = Release|Any CPU
		{331F1773-97E8-44B3-A5B5-AF8106786CDC}.Ad-Hoc|iPhoneSimulator.Build.0 = Release|Any CPU
		{331F1773-97E8-44B3-A5B5-AF8106786CDC}.AppStore|Any CPU.ActiveCfg = Release|Any CPU
		{331F1773-97E8-44B3-A5B5-AF8106786CDC}.AppStore|Any CPU.Build.0 = Release|Any CPU
		{331F1773-97E8-44B3-A5B5-AF8106786CDC}.AppStore|iPhone.ActiveCfg = Release|Any CPU
		{331F1773-97E8-44B3-A5B5-AF8106786CDC}.AppStore|iPhone.Build.0 = Release|Any CPU
		{331F1773-97E8-44B3-A5B5-AF8106786CDC}.AppStore|iPhoneSimulator.ActiveCfg = Release|Any CPU
		{331F1773-97E8-44B3-A5B5-AF8106786CDC}.AppStore|iPhoneSimulator.Build.0 = Release|Any CPU
		{331F1773-97E8-44B3-A5B5-AF8106786CDC}.Debug|Any CPU.ActiveCfg = Debug|Any CPU
		{331F1773-97E8-44B3-A5B5-AF8106786CDC}.Debug|Any CPU.Build.0 = Debug|Any CPU
		{331F1773-97E8-44B3-A5B5-AF8106786CDC}.Debug|iPhone.ActiveCfg = Debug|Any CPU
		{331F1773-97E8-44B3-A5B5-AF8106786CDC}.Debug|iPhone.Build.0 = Debug|Any CPU
		{331F1773-97E8-44B3-A5B5-AF8106786CDC}.Debug|iPhoneSimulator.ActiveCfg = Debug|Any CPU
		{331F1773-97E8-44B3-A5B5-AF8106786CDC}.Debug|iPhoneSimulator.Build.0 = Debug|Any CPU
		{331F1773-97E8-44B3-A5B5-AF8106786CDC}.Release|Any CPU.ActiveCfg = Release|Any CPU
		{331F1773-97E8-44B3-A5B5-AF8106786CDC}.Release|Any CPU.Build.0 = Release|Any CPU
		{331F1773-97E8-44B3-A5B5-AF8106786CDC}.Release|iPhone.ActiveCfg = Release|Any CPU
		{331F1773-97E8-44B3-A5B5-AF8106786CDC}.Release|iPhone.Build.0 = Release|Any CPU
		{331F1773-97E8-44B3-A5B5-AF8106786CDC}.Release|iPhoneSimulator.ActiveCfg = Release|Any CPU
		{331F1773-97E8-44B3-A5B5-AF8106786CDC}.Release|iPhoneSimulator.Build.0 = Release|Any CPU
		{0B8CDC8E-E483-41A6-AD3E-B717B86B2370}.Ad-Hoc|Any CPU.ActiveCfg = Ad-Hoc|iPhone
		{0B8CDC8E-E483-41A6-AD3E-B717B86B2370}.Ad-Hoc|iPhone.ActiveCfg = Ad-Hoc|iPhone
		{0B8CDC8E-E483-41A6-AD3E-B717B86B2370}.Ad-Hoc|iPhone.Build.0 = Ad-Hoc|iPhone
		{0B8CDC8E-E483-41A6-AD3E-B717B86B2370}.Ad-Hoc|iPhoneSimulator.ActiveCfg = Ad-Hoc|iPhoneSimulator
		{0B8CDC8E-E483-41A6-AD3E-B717B86B2370}.Ad-Hoc|iPhoneSimulator.Build.0 = Ad-Hoc|iPhoneSimulator
		{0B8CDC8E-E483-41A6-AD3E-B717B86B2370}.AppStore|Any CPU.ActiveCfg = AppStore|iPhone
		{0B8CDC8E-E483-41A6-AD3E-B717B86B2370}.AppStore|iPhone.ActiveCfg = AppStore|iPhone
		{0B8CDC8E-E483-41A6-AD3E-B717B86B2370}.AppStore|iPhone.Build.0 = AppStore|iPhone
		{0B8CDC8E-E483-41A6-AD3E-B717B86B2370}.AppStore|iPhoneSimulator.ActiveCfg = AppStore|iPhoneSimulator
		{0B8CDC8E-E483-41A6-AD3E-B717B86B2370}.AppStore|iPhoneSimulator.Build.0 = AppStore|iPhoneSimulator
		{0B8CDC8E-E483-41A6-AD3E-B717B86B2370}.Debug|Any CPU.ActiveCfg = Debug|iPhone
		{0B8CDC8E-E483-41A6-AD3E-B717B86B2370}.Debug|iPhone.ActiveCfg = Debug|iPhone
		{0B8CDC8E-E483-41A6-AD3E-B717B86B2370}.Debug|iPhone.Build.0 = Debug|iPhone
		{0B8CDC8E-E483-41A6-AD3E-B717B86B2370}.Debug|iPhoneSimulator.ActiveCfg = Debug|iPhoneSimulator
		{0B8CDC8E-E483-41A6-AD3E-B717B86B2370}.Debug|iPhoneSimulator.Build.0 = Debug|iPhoneSimulator
		{0B8CDC8E-E483-41A6-AD3E-B717B86B2370}.Release|Any CPU.ActiveCfg = Release|iPhone
		{0B8CDC8E-E483-41A6-AD3E-B717B86B2370}.Release|iPhone.ActiveCfg = Release|iPhone
		{0B8CDC8E-E483-41A6-AD3E-B717B86B2370}.Release|iPhone.Build.0 = Release|iPhone
		{0B8CDC8E-E483-41A6-AD3E-B717B86B2370}.Release|iPhoneSimulator.ActiveCfg = Release|iPhoneSimulator
		{0B8CDC8E-E483-41A6-AD3E-B717B86B2370}.Release|iPhoneSimulator.Build.0 = Release|iPhoneSimulator
		{DED63876-F452-4D91-B8AF-F42990A84F62}.Ad-Hoc|Any CPU.ActiveCfg = Release|Any CPU
		{DED63876-F452-4D91-B8AF-F42990A84F62}.Ad-Hoc|Any CPU.Build.0 = Release|Any CPU
		{DED63876-F452-4D91-B8AF-F42990A84F62}.Ad-Hoc|iPhone.ActiveCfg = Release|Any CPU
		{DED63876-F452-4D91-B8AF-F42990A84F62}.Ad-Hoc|iPhone.Build.0 = Release|Any CPU
		{DED63876-F452-4D91-B8AF-F42990A84F62}.Ad-Hoc|iPhoneSimulator.ActiveCfg = Release|Any CPU
		{DED63876-F452-4D91-B8AF-F42990A84F62}.Ad-Hoc|iPhoneSimulator.Build.0 = Release|Any CPU
		{DED63876-F452-4D91-B8AF-F42990A84F62}.AppStore|Any CPU.ActiveCfg = Release|Any CPU
		{DED63876-F452-4D91-B8AF-F42990A84F62}.AppStore|Any CPU.Build.0 = Release|Any CPU
		{DED63876-F452-4D91-B8AF-F42990A84F62}.AppStore|iPhone.ActiveCfg = Release|Any CPU
		{DED63876-F452-4D91-B8AF-F42990A84F62}.AppStore|iPhone.Build.0 = Release|Any CPU
		{DED63876-F452-4D91-B8AF-F42990A84F62}.AppStore|iPhoneSimulator.ActiveCfg = Release|Any CPU
		{DED63876-F452-4D91-B8AF-F42990A84F62}.AppStore|iPhoneSimulator.Build.0 = Release|Any CPU
		{DED63876-F452-4D91-B8AF-F42990A84F62}.Debug|Any CPU.ActiveCfg = Debug|Any CPU
		{DED63876-F452-4D91-B8AF-F42990A84F62}.Debug|Any CPU.Build.0 = Debug|Any CPU
		{DED63876-F452-4D91-B8AF-F42990A84F62}.Debug|iPhone.ActiveCfg = Debug|Any CPU
		{DED63876-F452-4D91-B8AF-F42990A84F62}.Debug|iPhone.Build.0 = Debug|Any CPU
		{DED63876-F452-4D91-B8AF-F42990A84F62}.Debug|iPhoneSimulator.ActiveCfg = Debug|Any CPU
		{DED63876-F452-4D91-B8AF-F42990A84F62}.Debug|iPhoneSimulator.Build.0 = Debug|Any CPU
		{DED63876-F452-4D91-B8AF-F42990A84F62}.Release|Any CPU.ActiveCfg = Release|Any CPU
		{DED63876-F452-4D91-B8AF-F42990A84F62}.Release|Any CPU.Build.0 = Release|Any CPU
		{DED63876-F452-4D91-B8AF-F42990A84F62}.Release|iPhone.ActiveCfg = Release|Any CPU
		{DED63876-F452-4D91-B8AF-F42990A84F62}.Release|iPhone.Build.0 = Release|Any CPU
		{DED63876-F452-4D91-B8AF-F42990A84F62}.Release|iPhoneSimulator.ActiveCfg = Release|Any CPU
		{DED63876-F452-4D91-B8AF-F42990A84F62}.Release|iPhoneSimulator.Build.0 = Release|Any CPU
		{80C13B76-24CB-436D-9535-0D09B25438BB}.Ad-Hoc|Any CPU.ActiveCfg = Release|Any CPU
		{80C13B76-24CB-436D-9535-0D09B25438BB}.Ad-Hoc|Any CPU.Build.0 = Release|Any CPU
		{80C13B76-24CB-436D-9535-0D09B25438BB}.Ad-Hoc|iPhone.ActiveCfg = Release|Any CPU
		{80C13B76-24CB-436D-9535-0D09B25438BB}.Ad-Hoc|iPhone.Build.0 = Release|Any CPU
		{80C13B76-24CB-436D-9535-0D09B25438BB}.Ad-Hoc|iPhoneSimulator.ActiveCfg = Release|Any CPU
		{80C13B76-24CB-436D-9535-0D09B25438BB}.Ad-Hoc|iPhoneSimulator.Build.0 = Release|Any CPU
		{80C13B76-24CB-436D-9535-0D09B25438BB}.AppStore|Any CPU.ActiveCfg = Release|Any CPU
		{80C13B76-24CB-436D-9535-0D09B25438BB}.AppStore|Any CPU.Build.0 = Release|Any CPU
		{80C13B76-24CB-436D-9535-0D09B25438BB}.AppStore|iPhone.ActiveCfg = Release|Any CPU
		{80C13B76-24CB-436D-9535-0D09B25438BB}.AppStore|iPhone.Build.0 = Release|Any CPU
		{80C13B76-24CB-436D-9535-0D09B25438BB}.AppStore|iPhoneSimulator.ActiveCfg = Release|Any CPU
		{80C13B76-24CB-436D-9535-0D09B25438BB}.AppStore|iPhoneSimulator.Build.0 = Release|Any CPU
		{80C13B76-24CB-436D-9535-0D09B25438BB}.Debug|Any CPU.ActiveCfg = Debug|Any CPU
		{80C13B76-24CB-436D-9535-0D09B25438BB}.Debug|Any CPU.Build.0 = Debug|Any CPU
		{80C13B76-24CB-436D-9535-0D09B25438BB}.Debug|iPhone.ActiveCfg = Debug|Any CPU
		{80C13B76-24CB-436D-9535-0D09B25438BB}.Debug|iPhone.Build.0 = Debug|Any CPU
		{80C13B76-24CB-436D-9535-0D09B25438BB}.Debug|iPhoneSimulator.ActiveCfg = Debug|Any CPU
		{80C13B76-24CB-436D-9535-0D09B25438BB}.Debug|iPhoneSimulator.Build.0 = Debug|Any CPU
		{80C13B76-24CB-436D-9535-0D09B25438BB}.Release|Any CPU.ActiveCfg = Release|Any CPU
		{80C13B76-24CB-436D-9535-0D09B25438BB}.Release|Any CPU.Build.0 = Release|Any CPU
		{80C13B76-24CB-436D-9535-0D09B25438BB}.Release|iPhone.ActiveCfg = Release|Any CPU
		{80C13B76-24CB-436D-9535-0D09B25438BB}.Release|iPhone.Build.0 = Release|Any CPU
		{80C13B76-24CB-436D-9535-0D09B25438BB}.Release|iPhoneSimulator.ActiveCfg = Release|Any CPU
		{80C13B76-24CB-436D-9535-0D09B25438BB}.Release|iPhoneSimulator.Build.0 = Release|Any CPU
		{BE69573B-271A-474D-AE56-114E413D992D}.Ad-Hoc|Any CPU.ActiveCfg = Release|Any CPU
		{BE69573B-271A-474D-AE56-114E413D992D}.Ad-Hoc|Any CPU.Build.0 = Release|Any CPU
		{BE69573B-271A-474D-AE56-114E413D992D}.Ad-Hoc|iPhone.ActiveCfg = Release|Any CPU
		{BE69573B-271A-474D-AE56-114E413D992D}.Ad-Hoc|iPhone.Build.0 = Release|Any CPU
		{BE69573B-271A-474D-AE56-114E413D992D}.Ad-Hoc|iPhoneSimulator.ActiveCfg = Release|Any CPU
		{BE69573B-271A-474D-AE56-114E413D992D}.Ad-Hoc|iPhoneSimulator.Build.0 = Release|Any CPU
		{BE69573B-271A-474D-AE56-114E413D992D}.AppStore|Any CPU.ActiveCfg = Release|Any CPU
		{BE69573B-271A-474D-AE56-114E413D992D}.AppStore|Any CPU.Build.0 = Release|Any CPU
		{BE69573B-271A-474D-AE56-114E413D992D}.AppStore|iPhone.ActiveCfg = Release|Any CPU
		{BE69573B-271A-474D-AE56-114E413D992D}.AppStore|iPhone.Build.0 = Release|Any CPU
		{BE69573B-271A-474D-AE56-114E413D992D}.AppStore|iPhoneSimulator.ActiveCfg = Release|Any CPU
		{BE69573B-271A-474D-AE56-114E413D992D}.AppStore|iPhoneSimulator.Build.0 = Release|Any CPU
		{BE69573B-271A-474D-AE56-114E413D992D}.Debug|Any CPU.ActiveCfg = Debug|Any CPU
		{BE69573B-271A-474D-AE56-114E413D992D}.Debug|Any CPU.Build.0 = Debug|Any CPU
		{BE69573B-271A-474D-AE56-114E413D992D}.Debug|iPhone.ActiveCfg = Debug|Any CPU
		{BE69573B-271A-474D-AE56-114E413D992D}.Debug|iPhone.Build.0 = Debug|Any CPU
		{BE69573B-271A-474D-AE56-114E413D992D}.Debug|iPhoneSimulator.ActiveCfg = Debug|Any CPU
		{BE69573B-271A-474D-AE56-114E413D992D}.Debug|iPhoneSimulator.Build.0 = Debug|Any CPU
		{BE69573B-271A-474D-AE56-114E413D992D}.Release|Any CPU.ActiveCfg = Release|Any CPU
		{BE69573B-271A-474D-AE56-114E413D992D}.Release|Any CPU.Build.0 = Release|Any CPU
		{BE69573B-271A-474D-AE56-114E413D992D}.Release|iPhone.ActiveCfg = Release|Any CPU
		{BE69573B-271A-474D-AE56-114E413D992D}.Release|iPhone.Build.0 = Release|Any CPU
		{BE69573B-271A-474D-AE56-114E413D992D}.Release|iPhoneSimulator.ActiveCfg = Release|Any CPU
		{BE69573B-271A-474D-AE56-114E413D992D}.Release|iPhoneSimulator.Build.0 = Release|Any CPU
		{FCC7FB06-E768-4B0E-92A9-5BD18FB5AD86}.Ad-Hoc|Any CPU.ActiveCfg = Release|Any CPU
		{FCC7FB06-E768-4B0E-92A9-5BD18FB5AD86}.Ad-Hoc|Any CPU.Build.0 = Release|Any CPU
		{FCC7FB06-E768-4B0E-92A9-5BD18FB5AD86}.Ad-Hoc|iPhone.ActiveCfg = Release|Any CPU
		{FCC7FB06-E768-4B0E-92A9-5BD18FB5AD86}.Ad-Hoc|iPhone.Build.0 = Release|Any CPU
		{FCC7FB06-E768-4B0E-92A9-5BD18FB5AD86}.Ad-Hoc|iPhoneSimulator.ActiveCfg = Release|Any CPU
		{FCC7FB06-E768-4B0E-92A9-5BD18FB5AD86}.Ad-Hoc|iPhoneSimulator.Build.0 = Release|Any CPU
		{FCC7FB06-E768-4B0E-92A9-5BD18FB5AD86}.AppStore|Any CPU.ActiveCfg = Release|Any CPU
		{FCC7FB06-E768-4B0E-92A9-5BD18FB5AD86}.AppStore|Any CPU.Build.0 = Release|Any CPU
		{FCC7FB06-E768-4B0E-92A9-5BD18FB5AD86}.AppStore|iPhone.ActiveCfg = Release|Any CPU
		{FCC7FB06-E768-4B0E-92A9-5BD18FB5AD86}.AppStore|iPhone.Build.0 = Release|Any CPU
		{FCC7FB06-E768-4B0E-92A9-5BD18FB5AD86}.AppStore|iPhoneSimulator.ActiveCfg = Release|Any CPU
		{FCC7FB06-E768-4B0E-92A9-5BD18FB5AD86}.AppStore|iPhoneSimulator.Build.0 = Release|Any CPU
		{FCC7FB06-E768-4B0E-92A9-5BD18FB5AD86}.Debug|Any CPU.ActiveCfg = Debug|Any CPU
		{FCC7FB06-E768-4B0E-92A9-5BD18FB5AD86}.Debug|Any CPU.Build.0 = Debug|Any CPU
		{FCC7FB06-E768-4B0E-92A9-5BD18FB5AD86}.Debug|iPhone.ActiveCfg = Debug|Any CPU
		{FCC7FB06-E768-4B0E-92A9-5BD18FB5AD86}.Debug|iPhone.Build.0 = Debug|Any CPU
		{FCC7FB06-E768-4B0E-92A9-5BD18FB5AD86}.Debug|iPhoneSimulator.ActiveCfg = Debug|Any CPU
		{FCC7FB06-E768-4B0E-92A9-5BD18FB5AD86}.Debug|iPhoneSimulator.Build.0 = Debug|Any CPU
		{FCC7FB06-E768-4B0E-92A9-5BD18FB5AD86}.Release|Any CPU.ActiveCfg = Release|Any CPU
		{FCC7FB06-E768-4B0E-92A9-5BD18FB5AD86}.Release|Any CPU.Build.0 = Release|Any CPU
		{FCC7FB06-E768-4B0E-92A9-5BD18FB5AD86}.Release|iPhone.ActiveCfg = Release|Any CPU
		{FCC7FB06-E768-4B0E-92A9-5BD18FB5AD86}.Release|iPhone.Build.0 = Release|Any CPU
		{FCC7FB06-E768-4B0E-92A9-5BD18FB5AD86}.Release|iPhoneSimulator.ActiveCfg = Release|Any CPU
		{FCC7FB06-E768-4B0E-92A9-5BD18FB5AD86}.Release|iPhoneSimulator.Build.0 = Release|Any CPU
		{51B1A975-E1AC-4B73-AE0F-BDC6E39675E4}.Ad-Hoc|Any CPU.ActiveCfg = Release|Any CPU
		{51B1A975-E1AC-4B73-AE0F-BDC6E39675E4}.Ad-Hoc|Any CPU.Build.0 = Release|Any CPU
		{51B1A975-E1AC-4B73-AE0F-BDC6E39675E4}.Ad-Hoc|iPhone.ActiveCfg = Release|Any CPU
		{51B1A975-E1AC-4B73-AE0F-BDC6E39675E4}.Ad-Hoc|iPhone.Build.0 = Release|Any CPU
		{51B1A975-E1AC-4B73-AE0F-BDC6E39675E4}.Ad-Hoc|iPhoneSimulator.ActiveCfg = Release|Any CPU
		{51B1A975-E1AC-4B73-AE0F-BDC6E39675E4}.Ad-Hoc|iPhoneSimulator.Build.0 = Release|Any CPU
		{51B1A975-E1AC-4B73-AE0F-BDC6E39675E4}.AppStore|Any CPU.ActiveCfg = Release|Any CPU
		{51B1A975-E1AC-4B73-AE0F-BDC6E39675E4}.AppStore|Any CPU.Build.0 = Release|Any CPU
		{51B1A975-E1AC-4B73-AE0F-BDC6E39675E4}.AppStore|iPhone.ActiveCfg = Release|Any CPU
		{51B1A975-E1AC-4B73-AE0F-BDC6E39675E4}.AppStore|iPhone.Build.0 = Release|Any CPU
		{51B1A975-E1AC-4B73-AE0F-BDC6E39675E4}.AppStore|iPhoneSimulator.ActiveCfg = Release|Any CPU
		{51B1A975-E1AC-4B73-AE0F-BDC6E39675E4}.AppStore|iPhoneSimulator.Build.0 = Release|Any CPU
		{51B1A975-E1AC-4B73-AE0F-BDC6E39675E4}.Debug|Any CPU.ActiveCfg = Debug|Any CPU
		{51B1A975-E1AC-4B73-AE0F-BDC6E39675E4}.Debug|Any CPU.Build.0 = Debug|Any CPU
		{51B1A975-E1AC-4B73-AE0F-BDC6E39675E4}.Debug|iPhone.ActiveCfg = Debug|Any CPU
		{51B1A975-E1AC-4B73-AE0F-BDC6E39675E4}.Debug|iPhone.Build.0 = Debug|Any CPU
		{51B1A975-E1AC-4B73-AE0F-BDC6E39675E4}.Debug|iPhoneSimulator.ActiveCfg = Debug|Any CPU
		{51B1A975-E1AC-4B73-AE0F-BDC6E39675E4}.Debug|iPhoneSimulator.Build.0 = Debug|Any CPU
		{51B1A975-E1AC-4B73-AE0F-BDC6E39675E4}.Release|Any CPU.ActiveCfg = Release|Any CPU
		{51B1A975-E1AC-4B73-AE0F-BDC6E39675E4}.Release|Any CPU.Build.0 = Release|Any CPU
		{51B1A975-E1AC-4B73-AE0F-BDC6E39675E4}.Release|iPhone.ActiveCfg = Release|Any CPU
		{51B1A975-E1AC-4B73-AE0F-BDC6E39675E4}.Release|iPhone.Build.0 = Release|Any CPU
		{51B1A975-E1AC-4B73-AE0F-BDC6E39675E4}.Release|iPhoneSimulator.ActiveCfg = Release|Any CPU
		{51B1A975-E1AC-4B73-AE0F-BDC6E39675E4}.Release|iPhoneSimulator.Build.0 = Release|Any CPU
		{297BB15F-1C23-4968-ABAC-9E0ED33548A0}.Ad-Hoc|Any CPU.ActiveCfg = Release|Any CPU
		{297BB15F-1C23-4968-ABAC-9E0ED33548A0}.Ad-Hoc|Any CPU.Build.0 = Release|Any CPU
		{297BB15F-1C23-4968-ABAC-9E0ED33548A0}.Ad-Hoc|Any CPU.Deploy.0 = Release|Any CPU
		{297BB15F-1C23-4968-ABAC-9E0ED33548A0}.Ad-Hoc|iPhone.ActiveCfg = Release|Any CPU
		{297BB15F-1C23-4968-ABAC-9E0ED33548A0}.Ad-Hoc|iPhone.Build.0 = Release|Any CPU
		{297BB15F-1C23-4968-ABAC-9E0ED33548A0}.Ad-Hoc|iPhone.Deploy.0 = Release|Any CPU
		{297BB15F-1C23-4968-ABAC-9E0ED33548A0}.Ad-Hoc|iPhoneSimulator.ActiveCfg = Release|Any CPU
		{297BB15F-1C23-4968-ABAC-9E0ED33548A0}.Ad-Hoc|iPhoneSimulator.Build.0 = Release|Any CPU
		{297BB15F-1C23-4968-ABAC-9E0ED33548A0}.Ad-Hoc|iPhoneSimulator.Deploy.0 = Release|Any CPU
		{297BB15F-1C23-4968-ABAC-9E0ED33548A0}.AppStore|Any CPU.ActiveCfg = Release|Any CPU
		{297BB15F-1C23-4968-ABAC-9E0ED33548A0}.AppStore|Any CPU.Build.0 = Release|Any CPU
		{297BB15F-1C23-4968-ABAC-9E0ED33548A0}.AppStore|Any CPU.Deploy.0 = Release|Any CPU
		{297BB15F-1C23-4968-ABAC-9E0ED33548A0}.AppStore|iPhone.ActiveCfg = Release|Any CPU
		{297BB15F-1C23-4968-ABAC-9E0ED33548A0}.AppStore|iPhone.Build.0 = Release|Any CPU
		{297BB15F-1C23-4968-ABAC-9E0ED33548A0}.AppStore|iPhone.Deploy.0 = Release|Any CPU
		{297BB15F-1C23-4968-ABAC-9E0ED33548A0}.AppStore|iPhoneSimulator.ActiveCfg = Release|Any CPU
		{297BB15F-1C23-4968-ABAC-9E0ED33548A0}.AppStore|iPhoneSimulator.Build.0 = Release|Any CPU
		{297BB15F-1C23-4968-ABAC-9E0ED33548A0}.AppStore|iPhoneSimulator.Deploy.0 = Release|Any CPU
		{297BB15F-1C23-4968-ABAC-9E0ED33548A0}.Debug|Any CPU.ActiveCfg = Debug|Any CPU
		{297BB15F-1C23-4968-ABAC-9E0ED33548A0}.Debug|Any CPU.Build.0 = Debug|Any CPU
		{297BB15F-1C23-4968-ABAC-9E0ED33548A0}.Debug|Any CPU.Deploy.0 = Debug|Any CPU
		{297BB15F-1C23-4968-ABAC-9E0ED33548A0}.Debug|iPhone.ActiveCfg = Debug|Any CPU
		{297BB15F-1C23-4968-ABAC-9E0ED33548A0}.Debug|iPhone.Build.0 = Debug|Any CPU
		{297BB15F-1C23-4968-ABAC-9E0ED33548A0}.Debug|iPhone.Deploy.0 = Debug|Any CPU
		{297BB15F-1C23-4968-ABAC-9E0ED33548A0}.Debug|iPhoneSimulator.ActiveCfg = Debug|Any CPU
		{297BB15F-1C23-4968-ABAC-9E0ED33548A0}.Debug|iPhoneSimulator.Build.0 = Debug|Any CPU
		{297BB15F-1C23-4968-ABAC-9E0ED33548A0}.Debug|iPhoneSimulator.Deploy.0 = Debug|Any CPU
		{297BB15F-1C23-4968-ABAC-9E0ED33548A0}.Release|Any CPU.ActiveCfg = Release|Any CPU
		{297BB15F-1C23-4968-ABAC-9E0ED33548A0}.Release|Any CPU.Build.0 = Release|Any CPU
		{297BB15F-1C23-4968-ABAC-9E0ED33548A0}.Release|Any CPU.Deploy.0 = Release|Any CPU
		{297BB15F-1C23-4968-ABAC-9E0ED33548A0}.Release|iPhone.ActiveCfg = Release|Any CPU
		{297BB15F-1C23-4968-ABAC-9E0ED33548A0}.Release|iPhone.Build.0 = Release|Any CPU
		{297BB15F-1C23-4968-ABAC-9E0ED33548A0}.Release|iPhone.Deploy.0 = Release|Any CPU
		{297BB15F-1C23-4968-ABAC-9E0ED33548A0}.Release|iPhoneSimulator.ActiveCfg = Release|Any CPU
		{297BB15F-1C23-4968-ABAC-9E0ED33548A0}.Release|iPhoneSimulator.Build.0 = Release|Any CPU
		{297BB15F-1C23-4968-ABAC-9E0ED33548A0}.Release|iPhoneSimulator.Deploy.0 = Release|Any CPU
		{F47BFC53-3BB4-4317-8E7B-B5FE9459213C}.Ad-Hoc|Any CPU.ActiveCfg = Release|Any CPU
		{F47BFC53-3BB4-4317-8E7B-B5FE9459213C}.Ad-Hoc|Any CPU.Build.0 = Release|Any CPU
		{F47BFC53-3BB4-4317-8E7B-B5FE9459213C}.Ad-Hoc|iPhone.ActiveCfg = Release|Any CPU
		{F47BFC53-3BB4-4317-8E7B-B5FE9459213C}.Ad-Hoc|iPhone.Build.0 = Release|Any CPU
		{F47BFC53-3BB4-4317-8E7B-B5FE9459213C}.Ad-Hoc|iPhoneSimulator.ActiveCfg = Release|Any CPU
		{F47BFC53-3BB4-4317-8E7B-B5FE9459213C}.Ad-Hoc|iPhoneSimulator.Build.0 = Release|Any CPU
		{F47BFC53-3BB4-4317-8E7B-B5FE9459213C}.AppStore|Any CPU.ActiveCfg = Release|Any CPU
		{F47BFC53-3BB4-4317-8E7B-B5FE9459213C}.AppStore|Any CPU.Build.0 = Release|Any CPU
		{F47BFC53-3BB4-4317-8E7B-B5FE9459213C}.AppStore|iPhone.ActiveCfg = Release|Any CPU
		{F47BFC53-3BB4-4317-8E7B-B5FE9459213C}.AppStore|iPhone.Build.0 = Release|Any CPU
		{F47BFC53-3BB4-4317-8E7B-B5FE9459213C}.AppStore|iPhoneSimulator.ActiveCfg = Release|Any CPU
		{F47BFC53-3BB4-4317-8E7B-B5FE9459213C}.AppStore|iPhoneSimulator.Build.0 = Release|Any CPU
		{F47BFC53-3BB4-4317-8E7B-B5FE9459213C}.Debug|Any CPU.ActiveCfg = Debug|Any CPU
		{F47BFC53-3BB4-4317-8E7B-B5FE9459213C}.Debug|Any CPU.Build.0 = Debug|Any CPU
		{F47BFC53-3BB4-4317-8E7B-B5FE9459213C}.Debug|iPhone.ActiveCfg = Debug|Any CPU
		{F47BFC53-3BB4-4317-8E7B-B5FE9459213C}.Debug|iPhone.Build.0 = Debug|Any CPU
		{F47BFC53-3BB4-4317-8E7B-B5FE9459213C}.Debug|iPhoneSimulator.ActiveCfg = Debug|Any CPU
		{F47BFC53-3BB4-4317-8E7B-B5FE9459213C}.Debug|iPhoneSimulator.Build.0 = Debug|Any CPU
		{F47BFC53-3BB4-4317-8E7B-B5FE9459213C}.Release|Any CPU.ActiveCfg = Release|Any CPU
		{F47BFC53-3BB4-4317-8E7B-B5FE9459213C}.Release|Any CPU.Build.0 = Release|Any CPU
		{F47BFC53-3BB4-4317-8E7B-B5FE9459213C}.Release|iPhone.ActiveCfg = Release|Any CPU
		{F47BFC53-3BB4-4317-8E7B-B5FE9459213C}.Release|iPhone.Build.0 = Release|Any CPU
		{F47BFC53-3BB4-4317-8E7B-B5FE9459213C}.Release|iPhoneSimulator.ActiveCfg = Release|Any CPU
		{F47BFC53-3BB4-4317-8E7B-B5FE9459213C}.Release|iPhoneSimulator.Build.0 = Release|Any CPU
		{428115CF-9929-4328-B680-445C52244095}.Ad-Hoc|Any CPU.ActiveCfg = Release|Any CPU
		{428115CF-9929-4328-B680-445C52244095}.Ad-Hoc|Any CPU.Build.0 = Release|Any CPU
		{428115CF-9929-4328-B680-445C52244095}.Ad-Hoc|iPhone.ActiveCfg = Release|Any CPU
		{428115CF-9929-4328-B680-445C52244095}.Ad-Hoc|iPhone.Build.0 = Release|Any CPU
		{428115CF-9929-4328-B680-445C52244095}.Ad-Hoc|iPhoneSimulator.ActiveCfg = Release|Any CPU
		{428115CF-9929-4328-B680-445C52244095}.Ad-Hoc|iPhoneSimulator.Build.0 = Release|Any CPU
		{428115CF-9929-4328-B680-445C52244095}.AppStore|Any CPU.ActiveCfg = Release|Any CPU
		{428115CF-9929-4328-B680-445C52244095}.AppStore|Any CPU.Build.0 = Release|Any CPU
		{428115CF-9929-4328-B680-445C52244095}.AppStore|iPhone.ActiveCfg = Release|Any CPU
		{428115CF-9929-4328-B680-445C52244095}.AppStore|iPhone.Build.0 = Release|Any CPU
		{428115CF-9929-4328-B680-445C52244095}.AppStore|iPhoneSimulator.ActiveCfg = Release|Any CPU
		{428115CF-9929-4328-B680-445C52244095}.AppStore|iPhoneSimulator.Build.0 = Release|Any CPU
		{428115CF-9929-4328-B680-445C52244095}.Debug|Any CPU.ActiveCfg = Debug|Any CPU
		{428115CF-9929-4328-B680-445C52244095}.Debug|Any CPU.Build.0 = Debug|Any CPU
		{428115CF-9929-4328-B680-445C52244095}.Debug|iPhone.ActiveCfg = Debug|Any CPU
		{428115CF-9929-4328-B680-445C52244095}.Debug|iPhone.Build.0 = Debug|Any CPU
		{428115CF-9929-4328-B680-445C52244095}.Debug|iPhoneSimulator.ActiveCfg = Debug|Any CPU
		{428115CF-9929-4328-B680-445C52244095}.Debug|iPhoneSimulator.Build.0 = Debug|Any CPU
		{428115CF-9929-4328-B680-445C52244095}.Release|Any CPU.ActiveCfg = Release|Any CPU
		{428115CF-9929-4328-B680-445C52244095}.Release|Any CPU.Build.0 = Release|Any CPU
		{428115CF-9929-4328-B680-445C52244095}.Release|iPhone.ActiveCfg = Release|Any CPU
		{428115CF-9929-4328-B680-445C52244095}.Release|iPhone.Build.0 = Release|Any CPU
		{428115CF-9929-4328-B680-445C52244095}.Release|iPhoneSimulator.ActiveCfg = Release|Any CPU
		{428115CF-9929-4328-B680-445C52244095}.Release|iPhoneSimulator.Build.0 = Release|Any CPU
		{71B7F3F5-D681-4446-8F6F-78D95BC9362F}.Ad-Hoc|Any CPU.ActiveCfg = Release|Any CPU
		{71B7F3F5-D681-4446-8F6F-78D95BC9362F}.Ad-Hoc|Any CPU.Build.0 = Release|Any CPU
		{71B7F3F5-D681-4446-8F6F-78D95BC9362F}.Ad-Hoc|iPhone.ActiveCfg = Release|Any CPU
		{71B7F3F5-D681-4446-8F6F-78D95BC9362F}.Ad-Hoc|iPhone.Build.0 = Release|Any CPU
		{71B7F3F5-D681-4446-8F6F-78D95BC9362F}.Ad-Hoc|iPhoneSimulator.ActiveCfg = Release|Any CPU
		{71B7F3F5-D681-4446-8F6F-78D95BC9362F}.Ad-Hoc|iPhoneSimulator.Build.0 = Release|Any CPU
		{71B7F3F5-D681-4446-8F6F-78D95BC9362F}.AppStore|Any CPU.ActiveCfg = Release|Any CPU
		{71B7F3F5-D681-4446-8F6F-78D95BC9362F}.AppStore|Any CPU.Build.0 = Release|Any CPU
		{71B7F3F5-D681-4446-8F6F-78D95BC9362F}.AppStore|iPhone.ActiveCfg = Release|Any CPU
		{71B7F3F5-D681-4446-8F6F-78D95BC9362F}.AppStore|iPhone.Build.0 = Release|Any CPU
		{71B7F3F5-D681-4446-8F6F-78D95BC9362F}.AppStore|iPhoneSimulator.ActiveCfg = Release|Any CPU
		{71B7F3F5-D681-4446-8F6F-78D95BC9362F}.AppStore|iPhoneSimulator.Build.0 = Release|Any CPU
		{71B7F3F5-D681-4446-8F6F-78D95BC9362F}.Debug|Any CPU.ActiveCfg = Debug|Any CPU
		{71B7F3F5-D681-4446-8F6F-78D95BC9362F}.Debug|Any CPU.Build.0 = Debug|Any CPU
		{71B7F3F5-D681-4446-8F6F-78D95BC9362F}.Debug|iPhone.ActiveCfg = Debug|Any CPU
		{71B7F3F5-D681-4446-8F6F-78D95BC9362F}.Debug|iPhone.Build.0 = Debug|Any CPU
		{71B7F3F5-D681-4446-8F6F-78D95BC9362F}.Debug|iPhoneSimulator.ActiveCfg = Debug|Any CPU
		{71B7F3F5-D681-4446-8F6F-78D95BC9362F}.Debug|iPhoneSimulator.Build.0 = Debug|Any CPU
		{71B7F3F5-D681-4446-8F6F-78D95BC9362F}.Release|Any CPU.ActiveCfg = Release|Any CPU
		{71B7F3F5-D681-4446-8F6F-78D95BC9362F}.Release|Any CPU.Build.0 = Release|Any CPU
		{71B7F3F5-D681-4446-8F6F-78D95BC9362F}.Release|iPhone.ActiveCfg = Release|Any CPU
		{71B7F3F5-D681-4446-8F6F-78D95BC9362F}.Release|iPhone.Build.0 = Release|Any CPU
		{71B7F3F5-D681-4446-8F6F-78D95BC9362F}.Release|iPhoneSimulator.ActiveCfg = Release|Any CPU
		{71B7F3F5-D681-4446-8F6F-78D95BC9362F}.Release|iPhoneSimulator.Build.0 = Release|Any CPU
		{8EC2E6CD-9AC2-40AB-B3D0-51C868865109}.Ad-Hoc|Any CPU.ActiveCfg = Release|Any CPU
		{8EC2E6CD-9AC2-40AB-B3D0-51C868865109}.Ad-Hoc|Any CPU.Build.0 = Release|Any CPU
		{8EC2E6CD-9AC2-40AB-B3D0-51C868865109}.Ad-Hoc|iPhone.ActiveCfg = Release|Any CPU
		{8EC2E6CD-9AC2-40AB-B3D0-51C868865109}.Ad-Hoc|iPhone.Build.0 = Release|Any CPU
		{8EC2E6CD-9AC2-40AB-B3D0-51C868865109}.Ad-Hoc|iPhoneSimulator.ActiveCfg = Release|Any CPU
		{8EC2E6CD-9AC2-40AB-B3D0-51C868865109}.Ad-Hoc|iPhoneSimulator.Build.0 = Release|Any CPU
		{8EC2E6CD-9AC2-40AB-B3D0-51C868865109}.AppStore|Any CPU.ActiveCfg = Release|Any CPU
		{8EC2E6CD-9AC2-40AB-B3D0-51C868865109}.AppStore|Any CPU.Build.0 = Release|Any CPU
		{8EC2E6CD-9AC2-40AB-B3D0-51C868865109}.AppStore|iPhone.ActiveCfg = Release|Any CPU
		{8EC2E6CD-9AC2-40AB-B3D0-51C868865109}.AppStore|iPhone.Build.0 = Release|Any CPU
		{8EC2E6CD-9AC2-40AB-B3D0-51C868865109}.AppStore|iPhoneSimulator.ActiveCfg = Release|Any CPU
		{8EC2E6CD-9AC2-40AB-B3D0-51C868865109}.AppStore|iPhoneSimulator.Build.0 = Release|Any CPU
		{8EC2E6CD-9AC2-40AB-B3D0-51C868865109}.Debug|Any CPU.ActiveCfg = Debug|Any CPU
		{8EC2E6CD-9AC2-40AB-B3D0-51C868865109}.Debug|Any CPU.Build.0 = Debug|Any CPU
		{8EC2E6CD-9AC2-40AB-B3D0-51C868865109}.Debug|iPhone.ActiveCfg = Debug|Any CPU
		{8EC2E6CD-9AC2-40AB-B3D0-51C868865109}.Debug|iPhone.Build.0 = Debug|Any CPU
		{8EC2E6CD-9AC2-40AB-B3D0-51C868865109}.Debug|iPhoneSimulator.ActiveCfg = Debug|Any CPU
		{8EC2E6CD-9AC2-40AB-B3D0-51C868865109}.Debug|iPhoneSimulator.Build.0 = Debug|Any CPU
		{8EC2E6CD-9AC2-40AB-B3D0-51C868865109}.Release|Any CPU.ActiveCfg = Release|Any CPU
		{8EC2E6CD-9AC2-40AB-B3D0-51C868865109}.Release|Any CPU.Build.0 = Release|Any CPU
		{8EC2E6CD-9AC2-40AB-B3D0-51C868865109}.Release|iPhone.ActiveCfg = Release|Any CPU
		{8EC2E6CD-9AC2-40AB-B3D0-51C868865109}.Release|iPhone.Build.0 = Release|Any CPU
		{8EC2E6CD-9AC2-40AB-B3D0-51C868865109}.Release|iPhoneSimulator.ActiveCfg = Release|Any CPU
		{8EC2E6CD-9AC2-40AB-B3D0-51C868865109}.Release|iPhoneSimulator.Build.0 = Release|Any CPU
	EndGlobalSection
	GlobalSection(SolutionProperties) = preSolution
		HideSolutionNode = FALSE
	EndGlobalSection
	GlobalSection(NestedProjects) = preSolution
		{4389B305-B381-4B50-B1A8-BBB5259A0524} = {69CF93A8-B893-4F73-B369-6259037A2658}
		{53E82AC1-DD1D-4C66-B55F-F9F4ACFB2F40} = {69CF93A8-B893-4F73-B369-6259037A2658}
		{801A0F89-D5F6-49A6-BCEA-6624388C98A4} = {69CF93A8-B893-4F73-B369-6259037A2658}
		{D22B5797-9F2A-4BA7-9636-6EFCE62EBE00} = {69CF93A8-B893-4F73-B369-6259037A2658}
		{3E0EB20C-6E92-493B-B819-5E1D7AF38B62} = {B4CF7302-E5E7-41FE-8165-D568004BDECB}
		{331F1773-97E8-44B3-A5B5-AF8106786CDC} = {B4CF7302-E5E7-41FE-8165-D568004BDECB}
		{0B8CDC8E-E483-41A6-AD3E-B717B86B2370} = {B4CF7302-E5E7-41FE-8165-D568004BDECB}
		{DED63876-F452-4D91-B8AF-F42990A84F62} = {B4CF7302-E5E7-41FE-8165-D568004BDECB}
		{80C13B76-24CB-436D-9535-0D09B25438BB} = {B4CF7302-E5E7-41FE-8165-D568004BDECB}
		{BE69573B-271A-474D-AE56-114E413D992D} = {B4CF7302-E5E7-41FE-8165-D568004BDECB}
		{FCC7FB06-E768-4B0E-92A9-5BD18FB5AD86} = {B4CF7302-E5E7-41FE-8165-D568004BDECB}
		{51B1A975-E1AC-4B73-AE0F-BDC6E39675E4} = {B4CF7302-E5E7-41FE-8165-D568004BDECB}
		{297BB15F-1C23-4968-ABAC-9E0ED33548A0} = {B4CF7302-E5E7-41FE-8165-D568004BDECB}
		{F47BFC53-3BB4-4317-8E7B-B5FE9459213C} = {B4CF7302-E5E7-41FE-8165-D568004BDECB}
		{428115CF-9929-4328-B680-445C52244095} = {B4CF7302-E5E7-41FE-8165-D568004BDECB}
		{71B7F3F5-D681-4446-8F6F-78D95BC9362F} = {B4CF7302-E5E7-41FE-8165-D568004BDECB}
		{8EC2E6CD-9AC2-40AB-B3D0-51C868865109} = {B4CF7302-E5E7-41FE-8165-D568004BDECB}
	EndGlobalSection
EndGlobal
